// !$*UTF8*$!
{
	archiveVersion = 1;
	classes = {
	};
	objectVersion = 50;
	objects = {

/* Begin PBXBuildFile section */
		2C51CC7921C74EE1008B238E /* AppDelegate.m in Sources */ = {isa = PBXBuildFile; fileRef = 2C51CC7821C74EE1008B238E /* AppDelegate.m */; };
		2C51CC8121C74EE3008B238E /* Assets.xcassets in Resources */ = {isa = PBXBuildFile; fileRef = 2C51CC8021C74EE3008B238E /* Assets.xcassets */; };
		2C51CC8421C74EE3008B238E /* LaunchScreen.storyboard in Resources */ = {isa = PBXBuildFile; fileRef = 2C51CC8221C74EE3008B238E /* LaunchScreen.storyboard */; };
		2C51CC8721C74EE3008B238E /* main.m in Sources */ = {isa = PBXBuildFile; fileRef = 2C51CC8621C74EE3008B238E /* main.m */; };
		2C51CC9521C755D9008B238E /* VENNavigationController.m in Sources */ = {isa = PBXBuildFile; fileRef = 2C51CC9021C755D9008B238E /* VENNavigationController.m */; };
		2C51CC9621C755D9008B238E /* VENTabBarController.m in Sources */ = {isa = PBXBuildFile; fileRef = 2C51CC9221C755D9008B238E /* VENTabBarController.m */; };
		2C51CC9721C755D9008B238E /* VENBaseViewController.m in Sources */ = {isa = PBXBuildFile; fileRef = 2C51CC9421C755D9008B238E /* VENBaseViewController.m */; };
		2C51CCA221C75AE5008B238E /* VENExplorePageViewController.m in Sources */ = {isa = PBXBuildFile; fileRef = 2C51CCA121C75AE5008B238E /* VENExplorePageViewController.m */; };
		2C51CCA521C75B20008B238E /* VENMineViewController.m in Sources */ = {isa = PBXBuildFile; fileRef = 2C51CCA421C75B20008B238E /* VENMineViewController.m */; };
/* End PBXBuildFile section */

/* Begin PBXFileReference section */
		2C51CC7421C74EE1008B238E /* PenBook.app */ = {isa = PBXFileReference; explicitFileType = wrapper.application; includeInIndex = 0; path = PenBook.app; sourceTree = BUILT_PRODUCTS_DIR; };
		2C51CC7721C74EE1008B238E /* AppDelegate.h */ = {isa = PBXFileReference; lastKnownFileType = sourcecode.c.h; path = AppDelegate.h; sourceTree = "<group>"; };
		2C51CC7821C74EE1008B238E /* AppDelegate.m */ = {isa = PBXFileReference; lastKnownFileType = sourcecode.c.objc; path = AppDelegate.m; sourceTree = "<group>"; };
		2C51CC8021C74EE3008B238E /* Assets.xcassets */ = {isa = PBXFileReference; lastKnownFileType = folder.assetcatalog; path = Assets.xcassets; sourceTree = "<group>"; };
		2C51CC8321C74EE3008B238E /* Base */ = {isa = PBXFileReference; lastKnownFileType = file.storyboard; name = Base; path = Base.lproj/LaunchScreen.storyboard; sourceTree = "<group>"; };
		2C51CC8521C74EE3008B238E /* Info.plist */ = {isa = PBXFileReference; lastKnownFileType = text.plist.xml; path = Info.plist; sourceTree = "<group>"; };
		2C51CC8621C74EE3008B238E /* main.m */ = {isa = PBXFileReference; lastKnownFileType = sourcecode.c.objc; path = main.m; sourceTree = "<group>"; };
		2C51CC8D21C7550B008B238E /* VENPrefixHeader.pch */ = {isa = PBXFileReference; lastKnownFileType = sourcecode.c.h; path = VENPrefixHeader.pch; sourceTree = "<group>"; };
		2C51CC8F21C755D9008B238E /* VENTabBarController.h */ = {isa = PBXFileReference; fileEncoding = 4; lastKnownFileType = sourcecode.c.h; path = VENTabBarController.h; sourceTree = "<group>"; };
		2C51CC9021C755D9008B238E /* VENNavigationController.m */ = {isa = PBXFileReference; fileEncoding = 4; lastKnownFileType = sourcecode.c.objc; path = VENNavigationController.m; sourceTree = "<group>"; };
		2C51CC9121C755D9008B238E /* VENBaseViewController.h */ = {isa = PBXFileReference; fileEncoding = 4; lastKnownFileType = sourcecode.c.h; path = VENBaseViewController.h; sourceTree = "<group>"; };
		2C51CC9221C755D9008B238E /* VENTabBarController.m */ = {isa = PBXFileReference; fileEncoding = 4; lastKnownFileType = sourcecode.c.objc; path = VENTabBarController.m; sourceTree = "<group>"; };
		2C51CC9321C755D9008B238E /* VENNavigationController.h */ = {isa = PBXFileReference; fileEncoding = 4; lastKnownFileType = sourcecode.c.h; path = VENNavigationController.h; sourceTree = "<group>"; };
		2C51CC9421C755D9008B238E /* VENBaseViewController.m */ = {isa = PBXFileReference; fileEncoding = 4; lastKnownFileType = sourcecode.c.objc; path = VENBaseViewController.m; sourceTree = "<group>"; };
		2C51CCA021C75AE5008B238E /* VENExplorePageViewController.h */ = {isa = PBXFileReference; lastKnownFileType = sourcecode.c.h; path = VENExplorePageViewController.h; sourceTree = "<group>"; };
		2C51CCA121C75AE5008B238E /* VENExplorePageViewController.m */ = {isa = PBXFileReference; lastKnownFileType = sourcecode.c.objc; path = VENExplorePageViewController.m; sourceTree = "<group>"; };
		2C51CCA321C75B20008B238E /* VENMineViewController.h */ = {isa = PBXFileReference; lastKnownFileType = sourcecode.c.h; path = VENMineViewController.h; sourceTree = "<group>"; };
		2C51CCA421C75B20008B238E /* VENMineViewController.m */ = {isa = PBXFileReference; lastKnownFileType = sourcecode.c.objc; path = VENMineViewController.m; sourceTree = "<group>"; };
/* End PBXFileReference section */

/* Begin PBXFrameworksBuildPhase section */
		2C51CC7121C74EE1008B238E /* Frameworks */ = {
			isa = PBXFrameworksBuildPhase;
			buildActionMask = 2147483647;
			files = (
			);
			runOnlyForDeploymentPostprocessing = 0;
		};
/* End PBXFrameworksBuildPhase section */

/* Begin PBXGroup section */
		2C51CC6B21C74EE1008B238E = {
			isa = PBXGroup;
			children = (
				2C51CC7621C74EE1008B238E /* PenBook */,
				2C51CC7521C74EE1008B238E /* Products */,
			);
			sourceTree = "<group>";
		};
		2C51CC7521C74EE1008B238E /* Products */ = {
			isa = PBXGroup;
			children = (
				2C51CC7421C74EE1008B238E /* PenBook.app */,
			);
			name = Products;
			sourceTree = "<group>";
		};
		2C51CC7621C74EE1008B238E /* PenBook */ = {
			isa = PBXGroup;
			children = (
				2C51CC8E21C755AB008B238E /* Main */,
				2C51CC9821C75ABB008B238E /* Explore */,
				2C51CC9C21C75ABB008B238E /* Mine */,
				2C51CC7721C74EE1008B238E /* AppDelegate.h */,
				2C51CC7821C74EE1008B238E /* AppDelegate.m */,
				2C51CC8021C74EE3008B238E /* Assets.xcassets */,
				2C51CC8221C74EE3008B238E /* LaunchScreen.storyboard */,
				2C51CC8521C74EE3008B238E /* Info.plist */,
				2C51CC8621C74EE3008B238E /* main.m */,
				2C51CC8D21C7550B008B238E /* VENPrefixHeader.pch */,
			);
			path = PenBook;
			sourceTree = "<group>";
		};
		2C51CC8E21C755AB008B238E /* Main */ = {
			isa = PBXGroup;
			children = (
				2C51CC9121C755D9008B238E /* VENBaseViewController.h */,
				2C51CC9421C755D9008B238E /* VENBaseViewController.m */,
				2C51CC9321C755D9008B238E /* VENNavigationController.h */,
				2C51CC9021C755D9008B238E /* VENNavigationController.m */,
				2C51CC8F21C755D9008B238E /* VENTabBarController.h */,
				2C51CC9221C755D9008B238E /* VENTabBarController.m */,
			);
			path = Main;
			sourceTree = "<group>";
		};
		2C51CC9821C75ABB008B238E /* Explore */ = {
			isa = PBXGroup;
			children = (
				2C51CC9A21C75ABB008B238E /* Model */,
				2C51CC9B21C75ABB008B238E /* View */,
				2C51CC9921C75ABB008B238E /* Controller */,
			);
			path = Explore;
			sourceTree = "<group>";
		};
		2C51CC9921C75ABB008B238E /* Controller */ = {
			isa = PBXGroup;
			children = (
				2C51CCA021C75AE5008B238E /* VENExplorePageViewController.h */,
				2C51CCA121C75AE5008B238E /* VENExplorePageViewController.m */,
			);
			path = Controller;
			sourceTree = "<group>";
		};
		2C51CC9A21C75ABB008B238E /* Model */ = {
			isa = PBXGroup;
			children = (
			);
			path = Model;
			sourceTree = "<group>";
		};
		2C51CC9B21C75ABB008B238E /* View */ = {
			isa = PBXGroup;
			children = (
			);
			path = View;
			sourceTree = "<group>";
		};
		2C51CC9C21C75ABB008B238E /* Mine */ = {
			isa = PBXGroup;
			children = (
				2C51CC9E21C75ABB008B238E /* Model */,
				2C51CC9F21C75ABB008B238E /* View */,
				2C51CC9D21C75ABB008B238E /* Controller */,
			);
			path = Mine;
			sourceTree = "<group>";
		};
		2C51CC9D21C75ABB008B238E /* Controller */ = {
			isa = PBXGroup;
			children = (
				2C51CCA321C75B20008B238E /* VENMineViewController.h */,
				2C51CCA421C75B20008B238E /* VENMineViewController.m */,
			);
			path = Controller;
			sourceTree = "<group>";
		};
		2C51CC9E21C75ABB008B238E /* Model */ = {
			isa = PBXGroup;
			children = (
			);
			path = Model;
			sourceTree = "<group>";
		};
		2C51CC9F21C75ABB008B238E /* View */ = {
			isa = PBXGroup;
			children = (
			);
			path = View;
			sourceTree = "<group>";
		};
/* End PBXGroup section */

/* Begin PBXNativeTarget section */
		2C51CC7321C74EE1008B238E /* PenBook */ = {
			isa = PBXNativeTarget;
			buildConfigurationList = 2C51CC8A21C74EE3008B238E /* Build configuration list for PBXNativeTarget "PenBook" */;
			buildPhases = (
				2C51CC7021C74EE1008B238E /* Sources */,
				2C51CC7121C74EE1008B238E /* Frameworks */,
				2C51CC7221C74EE1008B238E /* Resources */,
			);
			buildRules = (
			);
			dependencies = (
			);
			name = PenBook;
			productName = PenBook;
			productReference = 2C51CC7421C74EE1008B238E /* PenBook.app */;
			productType = "com.apple.product-type.application";
		};
/* End PBXNativeTarget section */

/* Begin PBXProject section */
		2C51CC6C21C74EE1008B238E /* Project object */ = {
			isa = PBXProject;
			attributes = {
				LastUpgradeCheck = 0930;
				ORGANIZATIONNAME = "Hefei Haiba Network Technology Co., Ltd.";
				TargetAttributes = {
					2C51CC7321C74EE1008B238E = {
						CreatedOnToolsVersion = 9.3;
					};
				};
			};
			buildConfigurationList = 2C51CC6F21C74EE1008B238E /* Build configuration list for PBXProject "PenBook" */;
			compatibilityVersion = "Xcode 9.3";
			developmentRegion = en;
			hasScannedForEncodings = 0;
			knownRegions = (
				en,
				Base,
			);
			mainGroup = 2C51CC6B21C74EE1008B238E;
			productRefGroup = 2C51CC7521C74EE1008B238E /* Products */;
			projectDirPath = "";
			projectRoot = "";
			targets = (
				2C51CC7321C74EE1008B238E /* PenBook */,
			);
		};
/* End PBXProject section */

/* Begin PBXResourcesBuildPhase section */
		2C51CC7221C74EE1008B238E /* Resources */ = {
			isa = PBXResourcesBuildPhase;
			buildActionMask = 2147483647;
			files = (
				2C51CC8421C74EE3008B238E /* LaunchScreen.storyboard in Resources */,
				2C51CC8121C74EE3008B238E /* Assets.xcassets in Resources */,
			);
			runOnlyForDeploymentPostprocessing = 0;
		};
/* End PBXResourcesBuildPhase section */

/* Begin PBXSourcesBuildPhase section */
		2C51CC7021C74EE1008B238E /* Sources */ = {
			isa = PBXSourcesBuildPhase;
			buildActionMask = 2147483647;
			files = (
				2C51CC9521C755D9008B238E /* VENNavigationController.m in Sources */,
				2C51CC9621C755D9008B238E /* VENTabBarController.m in Sources */,
				2C51CC9721C755D9008B238E /* VENBaseViewController.m in Sources */,
				2C51CCA221C75AE5008B238E /* VENExplorePageViewController.m in Sources */,
				2C51CC8721C74EE3008B238E /* main.m in Sources */,
				2C51CC7921C74EE1008B238E /* AppDelegate.m in Sources */,
				2C51CCA521C75B20008B238E /* VENMineViewController.m in Sources */,
			);
			runOnlyForDeploymentPostprocessing = 0;
		};
/* End PBXSourcesBuildPhase section */

/* Begin PBXVariantGroup section */
		2C51CC8221C74EE3008B238E /* LaunchScreen.storyboard */ = {
			isa = PBXVariantGroup;
			children = (
				2C51CC8321C74EE3008B238E /* Base */,
			);
			name = LaunchScreen.storyboard;
			sourceTree = "<group>";
		};
/* End PBXVariantGroup section */

/* Begin XCBuildConfiguration section */
		2C51CC8821C74EE3008B238E /* Debug */ = {
			isa = XCBuildConfiguration;
			buildSettings = {
				ALWAYS_SEARCH_USER_PATHS = NO;
				CLANG_ANALYZER_NONNULL = YES;
				CLANG_ANALYZER_NUMBER_OBJECT_CONVERSION = YES_AGGRESSIVE;
				CLANG_CXX_LANGUAGE_STANDARD = "gnu++14";
				CLANG_CXX_LIBRARY = "libc++";
				CLANG_ENABLE_MODULES = YES;
				CLANG_ENABLE_OBJC_ARC = YES;
				CLANG_ENABLE_OBJC_WEAK = YES;
				CLANG_WARN_BLOCK_CAPTURE_AUTORELEASING = YES;
				CLANG_WARN_BOOL_CONVERSION = YES;
				CLANG_WARN_COMMA = YES;
				CLANG_WARN_CONSTANT_CONVERSION = YES;
				CLANG_WARN_DEPRECATED_OBJC_IMPLEMENTATIONS = YES;
				CLANG_WARN_DIRECT_OBJC_ISA_USAGE = YES_ERROR;
				CLANG_WARN_DOCUMENTATION_COMMENTS = YES;
				CLANG_WARN_EMPTY_BODY = YES;
				CLANG_WARN_ENUM_CONVERSION = YES;
				CLANG_WARN_INFINITE_RECURSION = YES;
				CLANG_WARN_INT_CONVERSION = YES;
				CLANG_WARN_NON_LITERAL_NULL_CONVERSION = YES;
				CLANG_WARN_OBJC_IMPLICIT_RETAIN_SELF = YES;
				CLANG_WARN_OBJC_LITERAL_CONVERSION = YES;
				CLANG_WARN_OBJC_ROOT_CLASS = YES_ERROR;
				CLANG_WARN_RANGE_LOOP_ANALYSIS = YES;
				CLANG_WARN_STRICT_PROTOTYPES = YES;
				CLANG_WARN_SUSPICIOUS_MOVE = YES;
				CLANG_WARN_UNGUARDED_AVAILABILITY = YES_AGGRESSIVE;
				CLANG_WARN_UNREACHABLE_CODE = YES;
				CLANG_WARN__DUPLICATE_METHOD_MATCH = YES;
				CODE_SIGN_IDENTITY = "iPhone Developer";
				COPY_PHASE_STRIP = NO;
				DEBUG_INFORMATION_FORMAT = dwarf;
				ENABLE_STRICT_OBJC_MSGSEND = YES;
				ENABLE_TESTABILITY = YES;
				GCC_C_LANGUAGE_STANDARD = gnu11;
				GCC_DYNAMIC_NO_PIC = NO;
				GCC_NO_COMMON_BLOCKS = YES;
				GCC_OPTIMIZATION_LEVEL = 0;
				GCC_PREPROCESSOR_DEFINITIONS = (
					"DEBUG=1",
					"$(inherited)",
				);
				GCC_WARN_64_TO_32_BIT_CONVERSION = YES;
				GCC_WARN_ABOUT_RETURN_TYPE = YES_ERROR;
				GCC_WARN_UNDECLARED_SELECTOR = YES;
				GCC_WARN_UNINITIALIZED_AUTOS = YES_AGGRESSIVE;
				GCC_WARN_UNUSED_FUNCTION = YES;
				GCC_WARN_UNUSED_VARIABLE = YES;
				IPHONEOS_DEPLOYMENT_TARGET = 11.3;
				MTL_ENABLE_DEBUG_INFO = YES;
				ONLY_ACTIVE_ARCH = YES;
				SDKROOT = iphoneos;
			};
			name = Debug;
		};
		2C51CC8921C74EE3008B238E /* Release */ = {
			isa = XCBuildConfiguration;
			buildSettings = {
				ALWAYS_SEARCH_USER_PATHS = NO;
				CLANG_ANALYZER_NONNULL = YES;
				CLANG_ANALYZER_NUMBER_OBJECT_CONVERSION = YES_AGGRESSIVE;
				CLANG_CXX_LANGUAGE_STANDARD = "gnu++14";
				CLANG_CXX_LIBRARY = "libc++";
				CLANG_ENABLE_MODULES = YES;
				CLANG_ENABLE_OBJC_ARC = YES;
				CLANG_ENABLE_OBJC_WEAK = YES;
				CLANG_WARN_BLOCK_CAPTURE_AUTORELEASING = YES;
				CLANG_WARN_BOOL_CONVERSION = YES;
				CLANG_WARN_COMMA = YES;
				CLANG_WARN_CONSTANT_CONVERSION = YES;
				CLANG_WARN_DEPRECATED_OBJC_IMPLEMENTATIONS = YES;
				CLANG_WARN_DIRECT_OBJC_ISA_USAGE = YES_ERROR;
				CLANG_WARN_DOCUMENTATION_COMMENTS = YES;
				CLANG_WARN_EMPTY_BODY = YES;
				CLANG_WARN_ENUM_CONVERSION = YES;
				CLANG_WARN_INFINITE_RECURSION = YES;
				CLANG_WARN_INT_CONVERSION = YES;
				CLANG_WARN_NON_LITERAL_NULL_CONVERSION = YES;
				CLANG_WARN_OBJC_IMPLICIT_RETAIN_SELF = YES;
				CLANG_WARN_OBJC_LITERAL_CONVERSION = YES;
				CLANG_WARN_OBJC_ROOT_CLASS = YES_ERROR;
				CLANG_WARN_RANGE_LOOP_ANALYSIS = YES;
				CLANG_WARN_STRICT_PROTOTYPES = YES;
				CLANG_WARN_SUSPICIOUS_MOVE = YES;
				CLANG_WARN_UNGUARDED_AVAILABILITY = YES_AGGRESSIVE;
				CLANG_WARN_UNREACHABLE_CODE = YES;
				CLANG_WARN__DUPLICATE_METHOD_MATCH = YES;
				CODE_SIGN_IDENTITY = "iPhone Developer";
				COPY_PHASE_STRIP = NO;
				DEBUG_INFORMATION_FORMAT = "dwarf-with-dsym";
				ENABLE_NS_ASSERTIONS = NO;
				ENABLE_STRICT_OBJC_MSGSEND = YES;
				GCC_C_LANGUAGE_STANDARD = gnu11;
				GCC_NO_COMMON_BLOCKS = YES;
				GCC_WARN_64_TO_32_BIT_CONVERSION = YES;
				GCC_WARN_ABOUT_RETURN_TYPE = YES_ERROR;
				GCC_WARN_UNDECLARED_SELECTOR = YES;
				GCC_WARN_UNINITIALIZED_AUTOS = YES_AGGRESSIVE;
				GCC_WARN_UNUSED_FUNCTION = YES;
				GCC_WARN_UNUSED_VARIABLE = YES;
				IPHONEOS_DEPLOYMENT_TARGET = 11.3;
				MTL_ENABLE_DEBUG_INFO = NO;
				SDKROOT = iphoneos;
				VALIDATE_PRODUCT = YES;
			};
			name = Release;
		};
		2C51CC8B21C74EE3008B238E /* Debug */ = {
			isa = XCBuildConfiguration;
			buildSettings = {
				ASSETCATALOG_COMPILER_APPICON_NAME = AppIcon;
				CODE_SIGN_STYLE = Automatic;
				DEVELOPMENT_TEAM = Y99CH2YM5T;
				GCC_PREFIX_HEADER = "$(SRCROOT)/PenBook/VENPrefixHeader.pch";
				INFOPLIST_FILE = PenBook/Info.plist;
				LD_RUNPATH_SEARCH_PATHS = (
					"$(inherited)",
					"@executable_path/Frameworks",
				);
				PRODUCT_BUNDLE_IDENTIFIER = com.ahaiba.PenBook;
				PRODUCT_NAME = "$(TARGET_NAME)";
				TARGETED_DEVICE_FAMILY = "1,2";
			};
			name = Debug;
		};
		2C51CC8C21C74EE3008B238E /* Release */ = {
			isa = XCBuildConfiguration;
			buildSettings = {
				ASSETCATALOG_COMPILER_APPICON_NAME = AppIcon;
				CODE_SIGN_STYLE = Automatic;
				DEVELOPMENT_TEAM = Y99CH2YM5T;
				GCC_PREFIX_HEADER = "$(SRCROOT)/PenBook/VENPrefixHeader.pch";
				INFOPLIST_FILE = PenBook/Info.plist;
				LD_RUNPATH_SEARCH_PATHS = (
					"$(inherited)",
					"@executable_path/Frameworks",
				);
				PRODUCT_BUNDLE_IDENTIFIER = com.ahaiba.PenBook;
				PRODUCT_NAME = "$(TARGET_NAME)";
				TARGETED_DEVICE_FAMILY = "1,2";
			};
			name = Release;
		};
/* End XCBuildConfiguration section */

/* Begin XCConfigurationList section */
		2C51CC6F21C74EE1008B238E /* Build configuration list for PBXProject "PenBook" */ = {
			isa = XCConfigurationList;
			buildConfigurations = (
				2C51CC8821C74EE3008B238E /* Debug */,
				2C51CC8921C74EE3008B238E /* Release */,
			);
			defaultConfigurationIsVisible = 0;
			defaultConfigurationName = Release;
		};
		2C51CC8A21C74EE3008B238E /* Build configuration list for PBXNativeTarget "PenBook" */ = {
			isa = XCConfigurationList;
			buildConfigurations = (
				2C51CC8B21C74EE3008B238E /* Debug */,
				2C51CC8C21C74EE3008B238E /* Release */,
			);
			defaultConfigurationIsVisible = 0;
			defaultConfigurationName = Release;
		};
/* End XCConfigurationList section */
	};
	rootObject = 2C51CC6C21C74EE1008B238E /* Project object */;
}
